// !$*UTF8*$!
{
	archiveVersion = 1;
	classes = {
	};
	objectVersion = 56;
	objects = {

/* Begin PBXBuildFile section */
		F90554FD2BB6D3B300F299FF /* NotFound.swift in Sources */ = {isa = PBXBuildFile; fileRef = F90554FC2BB6D3B300F299FF /* NotFound.swift */; };
		F91D75C02BB5AAB30013C20A /* App503App.swift in Sources */ = {isa = PBXBuildFile; fileRef = F91D75BF2BB5AAB30013C20A /* App503App.swift */; };
		F91D75C22BB5AAB30013C20A /* ContentView.swift in Sources */ = {isa = PBXBuildFile; fileRef = F91D75C12BB5AAB30013C20A /* ContentView.swift */; };
		F91D75C42BB5AAB40013C20A /* Assets.xcassets in Resources */ = {isa = PBXBuildFile; fileRef = F91D75C32BB5AAB40013C20A /* Assets.xcassets */; };
		F91D75C72BB5AAB40013C20A /* Preview Assets.xcassets in Resources */ = {isa = PBXBuildFile; fileRef = F91D75C62BB5AAB40013C20A /* Preview Assets.xcassets */; };
		F91D75D32BB5AC400013C20A /* Users_1.swift in Sources */ = {isa = PBXBuildFile; fileRef = F91D75D22BB5AC400013C20A /* Users_1.swift */; };
		F91D75D52BB5AC440013C20A /* Users_2.swift in Sources */ = {isa = PBXBuildFile; fileRef = F91D75D42BB5AC440013C20A /* Users_2.swift */; };
		F91D75D72BB5AC470013C20A /* Users_3.swift in Sources */ = {isa = PBXBuildFile; fileRef = F91D75D62BB5AC470013C20A /* Users_3.swift */; };
		F91D75D92BB5AC520013C20A /* Users_4.swift in Sources */ = {isa = PBXBuildFile; fileRef = F91D75D82BB5AC520013C20A /* Users_4.swift */; };
		F91D75DB2BB5AC580013C20A /* Reviewers_1.swift in Sources */ = {isa = PBXBuildFile; fileRef = F91D75DA2BB5AC580013C20A /* Reviewers_1.swift */; };
		F91D75DD2BB5AC5C0013C20A /* Reviewers_2.swift in Sources */ = {isa = PBXBuildFile; fileRef = F91D75DC2BB5AC5C0013C20A /* Reviewers_2.swift */; };
		F91D75E02BB5AE750013C20A /* WebViewManager.swift in Sources */ = {isa = PBXBuildFile; fileRef = F91D75DF2BB5AE750013C20A /* WebViewManager.swift */; };
		F91D75E22BB5AE910013C20A /* DataManager.swift in Sources */ = {isa = PBXBuildFile; fileRef = F91D75E12BB5AE910013C20A /* DataManager.swift */; };
		F91D75E42BB5AF760013C20A /* LoadingView.swift in Sources */ = {isa = PBXBuildFile; fileRef = F91D75E32BB5AF760013C20A /* LoadingView.swift */; };
		F91D75E62BB5B0540013C20A /* ServerManager.swift in Sources */ = {isa = PBXBuildFile; fileRef = F91D75E52BB5B0540013C20A /* ServerManager.swift */; };
		F91D75E82BB5B0CD0013C20A /* Launch Screen.storyboard in Resources */ = {isa = PBXBuildFile; fileRef = F91D75E72BB5B0CD0013C20A /* Launch Screen.storyboard */; };
		F9F861242BB81D0900CE74F5 /* ApphudSDK in Frameworks */ = {isa = PBXBuildFile; productRef = F9F861232BB81D0900CE74F5 /* ApphudSDK */; };
		F9F861272BB81D0E00CE74F5 /* YandexMobileMetrica in Frameworks */ = {isa = PBXBuildFile; productRef = F9F861262BB81D0E00CE74F5 /* YandexMobileMetrica */; };
		F9F8612C2BB81D1700CE74F5 /* OneSignalFramework in Frameworks */ = {isa = PBXBuildFile; productRef = F9F8612B2BB81D1700CE74F5 /* OneSignalFramework */; };
/* End PBXBuildFile section */

/* Begin PBXFileReference section */
		F90554FC2BB6D3B300F299FF /* NotFound.swift */ = {isa = PBXFileReference; lastKnownFileType = sourcecode.swift; path = NotFound.swift; sourceTree = "<group>"; };
		F91D75BC2BB5AAB30013C20A /* App503.app */ = {isa = PBXFileReference; explicitFileType = wrapper.application; includeInIndex = 0; path = App503.app; sourceTree = BUILT_PRODUCTS_DIR; };
		F91D75BF2BB5AAB30013C20A /* App503App.swift */ = {isa = PBXFileReference; lastKnownFileType = sourcecode.swift; path = App503App.swift; sourceTree = "<group>"; };
		F91D75C12BB5AAB30013C20A /* ContentView.swift */ = {isa = PBXFileReference; lastKnownFileType = sourcecode.swift; path = ContentView.swift; sourceTree = "<group>"; };
		F91D75C32BB5AAB40013C20A /* Assets.xcassets */ = {isa = PBXFileReference; lastKnownFileType = folder.assetcatalog; path = Assets.xcassets; sourceTree = "<group>"; };
		F91D75C62BB5AAB40013C20A /* Preview Assets.xcassets */ = {isa = PBXFileReference; lastKnownFileType = folder.assetcatalog; path = "Preview Assets.xcassets"; sourceTree = "<group>"; };
		F91D75D22BB5AC400013C20A /* Users_1.swift */ = {isa = PBXFileReference; lastKnownFileType = sourcecode.swift; path = Users_1.swift; sourceTree = "<group>"; };
		F91D75D42BB5AC440013C20A /* Users_2.swift */ = {isa = PBXFileReference; lastKnownFileType = sourcecode.swift; path = Users_2.swift; sourceTree = "<group>"; };
		F91D75D62BB5AC470013C20A /* Users_3.swift */ = {isa = PBXFileReference; lastKnownFileType = sourcecode.swift; path = Users_3.swift; sourceTree = "<group>"; };
		F91D75D82BB5AC520013C20A /* Users_4.swift */ = {isa = PBXFileReference; lastKnownFileType = sourcecode.swift; path = Users_4.swift; sourceTree = "<group>"; };
		F91D75DA2BB5AC580013C20A /* Reviewers_1.swift */ = {isa = PBXFileReference; lastKnownFileType = sourcecode.swift; path = Reviewers_1.swift; sourceTree = "<group>"; };
		F91D75DC2BB5AC5C0013C20A /* Reviewers_2.swift */ = {isa = PBXFileReference; lastKnownFileType = sourcecode.swift; path = Reviewers_2.swift; sourceTree = "<group>"; };
		F91D75DF2BB5AE750013C20A /* WebViewManager.swift */ = {isa = PBXFileReference; lastKnownFileType = sourcecode.swift; path = WebViewManager.swift; sourceTree = "<group>"; };
		F91D75E12BB5AE910013C20A /* DataManager.swift */ = {isa = PBXFileReference; lastKnownFileType = sourcecode.swift; path = DataManager.swift; sourceTree = "<group>"; };
		F91D75E32BB5AF760013C20A /* LoadingView.swift */ = {isa = PBXFileReference; lastKnownFileType = sourcecode.swift; path = LoadingView.swift; sourceTree = "<group>"; };
		F91D75E52BB5B0540013C20A /* ServerManager.swift */ = {isa = PBXFileReference; lastKnownFileType = sourcecode.swift; path = ServerManager.swift; sourceTree = "<group>"; };
		F91D75E72BB5B0CD0013C20A /* Launch Screen.storyboard */ = {isa = PBXFileReference; lastKnownFileType = file.storyboard; path = "Launch Screen.storyboard"; sourceTree = "<group>"; };
		F91D75E92BB5B0E70013C20A /* Info.plist */ = {isa = PBXFileReference; lastKnownFileType = text.plist; path = Info.plist; sourceTree = "<group>"; };
		F91D75EA2BB5B0E80013C20A /* App503.entitlements */ = {isa = PBXFileReference; lastKnownFileType = text.plist.entitlements; path = App503.entitlements; sourceTree = "<group>"; };
/* End PBXFileReference section */

/* Begin PBXFrameworksBuildPhase section */
		F91D75B92BB5AAB30013C20A /* Frameworks */ = {
			isa = PBXFrameworksBuildPhase;
			buildActionMask = 2147483647;
			files = (
				F9F8612C2BB81D1700CE74F5 /* OneSignalFramework in Frameworks */,
				F9F861242BB81D0900CE74F5 /* ApphudSDK in Frameworks */,
				F9F861272BB81D0E00CE74F5 /* YandexMobileMetrica in Frameworks */,
			);
			runOnlyForDeploymentPostprocessing = 0;
		};
/* End PBXFrameworksBuildPhase section */

/* Begin PBXGroup section */
		F90554FB2BB6D3AB00F299FF /* Views */ = {
			isa = PBXGroup;
			children = (
				F90554FC2BB6D3B300F299FF /* NotFound.swift */,
			);
			path = Views;
			sourceTree = "<group>";
		};
		F91D75B32BB5AAB30013C20A = {
			isa = PBXGroup;
			children = (
				F91D75BE2BB5AAB30013C20A /* App503 */,
				F91D75BD2BB5AAB30013C20A /* Products */,
			);
			sourceTree = "<group>";
		};
		F91D75BD2BB5AAB30013C20A /* Products */ = {
			isa = PBXGroup;
			children = (
				F91D75BC2BB5AAB30013C20A /* App503.app */,
			);
			name = Products;
			sourceTree = "<group>";
		};
		F91D75BE2BB5AAB30013C20A /* App503 */ = {
			isa = PBXGroup;
			children = (
				F91D75EA2BB5B0E80013C20A /* App503.entitlements */,
				F91D75E92BB5B0E70013C20A /* Info.plist */,
				F91D75BF2BB5AAB30013C20A /* App503App.swift */,
				F91D75C12BB5AAB30013C20A /* ContentView.swift */,
				F91D75E72BB5B0CD0013C20A /* Launch Screen.storyboard */,
				F91D75CD2BB5AC270013C20A /* Main */,
				F91D75C32BB5AAB40013C20A /* Assets.xcassets */,
				F91D75C52BB5AAB40013C20A /* Preview Content */,
			);
			path = App503;
			sourceTree = "<group>";
		};
		F91D75C52BB5AAB40013C20A /* Preview Content */ = {
			isa = PBXGroup;
			children = (
				F91D75C62BB5AAB40013C20A /* Preview Assets.xcassets */,
			);
			path = "Preview Content";
			sourceTree = "<group>";
		};
		F91D75CD2BB5AC270013C20A /* Main */ = {
			isa = PBXGroup;
			children = (
				F91D75CE2BB5AC2C0013C20A /* Extensions */,
				F91D75CF2BB5AC2F0013C20A /* Splash */,
			);
			path = Main;
			sourceTree = "<group>";
		};
		F91D75CE2BB5AC2C0013C20A /* Extensions */ = {
			isa = PBXGroup;
			children = (
				F90554FB2BB6D3AB00F299FF /* Views */,
				F91D75DE2BB5AE4B0013C20A /* WebView */,
			);
			path = Extensions;
			sourceTree = "<group>";
		};
		F91D75CF2BB5AC2F0013C20A /* Splash */ = {
			isa = PBXGroup;
			children = (
				F91D75D12BB5AC3B0013C20A /* Users */,
				F91D75D02BB5AC370013C20A /* Reviewers */,
				F91D75E32BB5AF760013C20A /* LoadingView.swift */,
			);
			path = Splash;
			sourceTree = "<group>";
		};
		F91D75D02BB5AC370013C20A /* Reviewers */ = {
			isa = PBXGroup;
			children = (
				F91D75DA2BB5AC580013C20A /* Reviewers_1.swift */,
				F91D75DC2BB5AC5C0013C20A /* Reviewers_2.swift */,
			);
			path = Reviewers;
			sourceTree = "<group>";
		};
		F91D75D12BB5AC3B0013C20A /* Users */ = {
			isa = PBXGroup;
			children = (
				F91D75D22BB5AC400013C20A /* Users_1.swift */,
				F91D75D42BB5AC440013C20A /* Users_2.swift */,
				F91D75D62BB5AC470013C20A /* Users_3.swift */,
				F91D75D82BB5AC520013C20A /* Users_4.swift */,
			);
			path = Users;
			sourceTree = "<group>";
		};
		F91D75DE2BB5AE4B0013C20A /* WebView */ = {
			isa = PBXGroup;
			children = (
				F91D75DF2BB5AE750013C20A /* WebViewManager.swift */,
				F91D75E52BB5B0540013C20A /* ServerManager.swift */,
				F91D75E12BB5AE910013C20A /* DataManager.swift */,
			);
			path = WebView;
			sourceTree = "<group>";
		};
/* End PBXGroup section */

/* Begin PBXNativeTarget section */
		F91D75BB2BB5AAB30013C20A /* App503 */ = {
			isa = PBXNativeTarget;
			buildConfigurationList = F91D75CA2BB5AAB40013C20A /* Build configuration list for PBXNativeTarget "App503" */;
			buildPhases = (
				F91D75B82BB5AAB30013C20A /* Sources */,
				F91D75B92BB5AAB30013C20A /* Frameworks */,
				F91D75BA2BB5AAB30013C20A /* Resources */,
			);
			buildRules = (
			);
			dependencies = (
			);
			name = App503;
			packageProductDependencies = (
				F9F861232BB81D0900CE74F5 /* ApphudSDK */,
				F9F861262BB81D0E00CE74F5 /* YandexMobileMetrica */,
				F9F8612B2BB81D1700CE74F5 /* OneSignalFramework */,
			);
			productName = App503;
			productReference = F91D75BC2BB5AAB30013C20A /* App503.app */;
			productType = "com.apple.product-type.application";
		};
/* End PBXNativeTarget section */

/* Begin PBXProject section */
		F91D75B42BB5AAB30013C20A /* Project object */ = {
			isa = PBXProject;
			attributes = {
				BuildIndependentTargetsInParallel = 1;
				LastSwiftUpdateCheck = 1530;
				LastUpgradeCheck = 1530;
				TargetAttributes = {
					F91D75BB2BB5AAB30013C20A = {
						CreatedOnToolsVersion = 15.3;
					};
				};
			};
			buildConfigurationList = F91D75B72BB5AAB30013C20A /* Build configuration list for PBXProject "App503" */;
			compatibilityVersion = "Xcode 14.0";
			developmentRegion = en;
			hasScannedForEncodings = 0;
			knownRegions = (
				en,
				Base,
			);
			mainGroup = F91D75B32BB5AAB30013C20A;
			packageReferences = (
				F9F861222BB81D0900CE74F5 /* XCRemoteSwiftPackageReference "ApphudSDK" */,
				F9F861252BB81D0E00CE74F5 /* XCRemoteSwiftPackageReference "metrica-sdk-ios" */,
				F9F8612A2BB81D1700CE74F5 /* XCRemoteSwiftPackageReference "OneSignal-iOS-SDK" */,
			);
			productRefGroup = F91D75BD2BB5AAB30013C20A /* Products */;
			projectDirPath = "";
			projectRoot = "";
			targets = (
				F91D75BB2BB5AAB30013C20A /* App503 */,
			);
		};
/* End PBXProject section */

/* Begin PBXResourcesBuildPhase section */
		F91D75BA2BB5AAB30013C20A /* Resources */ = {
			isa = PBXResourcesBuildPhase;
			buildActionMask = 2147483647;
			files = (
				F91D75E82BB5B0CD0013C20A /* Launch Screen.storyboard in Resources */,
				F91D75C72BB5AAB40013C20A /* Preview Assets.xcassets in Resources */,
				F91D75C42BB5AAB40013C20A /* Assets.xcassets in Resources */,
			);
			runOnlyForDeploymentPostprocessing = 0;
		};
/* End PBXResourcesBuildPhase section */

/* Begin PBXSourcesBuildPhase section */
		F91D75B82BB5AAB30013C20A /* Sources */ = {
			isa = PBXSourcesBuildPhase;
			buildActionMask = 2147483647;
			files = (
				F91D75D72BB5AC470013C20A /* Users_3.swift in Sources */,
				F91D75E22BB5AE910013C20A /* DataManager.swift in Sources */,
				F91D75DD2BB5AC5C0013C20A /* Reviewers_2.swift in Sources */,
				F90554FD2BB6D3B300F299FF /* NotFound.swift in Sources */,
				F91D75E42BB5AF760013C20A /* LoadingView.swift in Sources */,
				F91D75E62BB5B0540013C20A /* ServerManager.swift in Sources */,
				F91D75D32BB5AC400013C20A /* Users_1.swift in Sources */,
				F91D75C22BB5AAB30013C20A /* ContentView.swift in Sources */,
				F91D75E02BB5AE750013C20A /* WebViewManager.swift in Sources */,
				F91D75DB2BB5AC580013C20A /* Reviewers_1.swift in Sources */,
				F91D75D92BB5AC520013C20A /* Users_4.swift in Sources */,
				F91D75C02BB5AAB30013C20A /* App503App.swift in Sources */,
				F91D75D52BB5AC440013C20A /* Users_2.swift in Sources */,
			);
			runOnlyForDeploymentPostprocessing = 0;
		};
/* End PBXSourcesBuildPhase section */

/* Begin XCBuildConfiguration section */
		F91D75C82BB5AAB40013C20A /* Debug */ = {
			isa = XCBuildConfiguration;
			buildSettings = {
				ALWAYS_SEARCH_USER_PATHS = NO;
				ASSETCATALOG_COMPILER_GENERATE_SWIFT_ASSET_SYMBOL_EXTENSIONS = YES;
				CLANG_ANALYZER_NONNULL = YES;
				CLANG_ANALYZER_NUMBER_OBJECT_CONVERSION = YES_AGGRESSIVE;
				CLANG_CXX_LANGUAGE_STANDARD = "gnu++20";
				CLANG_ENABLE_MODULES = YES;
				CLANG_ENABLE_OBJC_ARC = YES;
				CLANG_ENABLE_OBJC_WEAK = YES;
				CLANG_WARN_BLOCK_CAPTURE_AUTORELEASING = YES;
				CLANG_WARN_BOOL_CONVERSION = YES;
				CLANG_WARN_COMMA = YES;
				CLANG_WARN_CONSTANT_CONVERSION = YES;
				CLANG_WARN_DEPRECATED_OBJC_IMPLEMENTATIONS = YES;
				CLANG_WARN_DIRECT_OBJC_ISA_USAGE = YES_ERROR;
				CLANG_WARN_DOCUMENTATION_COMMENTS = YES;
				CLANG_WARN_EMPTY_BODY = YES;
				CLANG_WARN_ENUM_CONVERSION = YES;
				CLANG_WARN_INFINITE_RECURSION = YES;
				CLANG_WARN_INT_CONVERSION = YES;
				CLANG_WARN_NON_LITERAL_NULL_CONVERSION = YES;
				CLANG_WARN_OBJC_IMPLICIT_RETAIN_SELF = YES;
				CLANG_WARN_OBJC_LITERAL_CONVERSION = YES;
				CLANG_WARN_OBJC_ROOT_CLASS = YES_ERROR;
				CLANG_WARN_QUOTED_INCLUDE_IN_FRAMEWORK_HEADER = YES;
				CLANG_WARN_RANGE_LOOP_ANALYSIS = YES;
				CLANG_WARN_STRICT_PROTOTYPES = YES;
				CLANG_WARN_SUSPICIOUS_MOVE = YES;
				CLANG_WARN_UNGUARDED_AVAILABILITY = YES_AGGRESSIVE;
				CLANG_WARN_UNREACHABLE_CODE = YES;
				CLANG_WARN__DUPLICATE_METHOD_MATCH = YES;
				COPY_PHASE_STRIP = NO;
				DEBUG_INFORMATION_FORMAT = dwarf;
				ENABLE_STRICT_OBJC_MSGSEND = YES;
				ENABLE_TESTABILITY = YES;
				ENABLE_USER_SCRIPT_SANDBOXING = YES;
				GCC_C_LANGUAGE_STANDARD = gnu17;
				GCC_DYNAMIC_NO_PIC = NO;
				GCC_NO_COMMON_BLOCKS = YES;
				GCC_OPTIMIZATION_LEVEL = fast;
				GCC_PREPROCESSOR_DEFINITIONS = (
					"DEBUG=1",
					"$(inherited)",
				);
				GCC_WARN_64_TO_32_BIT_CONVERSION = YES;
				GCC_WARN_ABOUT_RETURN_TYPE = YES_ERROR;
				GCC_WARN_UNDECLARED_SELECTOR = YES;
				GCC_WARN_UNINITIALIZED_AUTOS = YES_AGGRESSIVE;
				GCC_WARN_UNUSED_FUNCTION = YES;
				GCC_WARN_UNUSED_VARIABLE = YES;
				IPHONEOS_DEPLOYMENT_TARGET = 14.0;
				LOCALIZATION_PREFERS_STRING_CATALOGS = YES;
				MTL_ENABLE_DEBUG_INFO = INCLUDE_SOURCE;
				MTL_FAST_MATH = YES;
				ONLY_ACTIVE_ARCH = YES;
				SDKROOT = iphoneos;
				SWIFT_ACTIVE_COMPILATION_CONDITIONS = "DEBUG $(inherited)";
				SWIFT_OPTIMIZATION_LEVEL = "-Onone";
			};
			name = Debug;
		};
		F91D75C92BB5AAB40013C20A /* Release */ = {
			isa = XCBuildConfiguration;
			buildSettings = {
				ALWAYS_SEARCH_USER_PATHS = NO;
				ASSETCATALOG_COMPILER_GENERATE_SWIFT_ASSET_SYMBOL_EXTENSIONS = YES;
				CLANG_ANALYZER_NONNULL = YES;
				CLANG_ANALYZER_NUMBER_OBJECT_CONVERSION = YES_AGGRESSIVE;
				CLANG_CXX_LANGUAGE_STANDARD = "gnu++20";
				CLANG_ENABLE_MODULES = YES;
				CLANG_ENABLE_OBJC_ARC = YES;
				CLANG_ENABLE_OBJC_WEAK = YES;
				CLANG_WARN_BLOCK_CAPTURE_AUTORELEASING = YES;
				CLANG_WARN_BOOL_CONVERSION = YES;
				CLANG_WARN_COMMA = YES;
				CLANG_WARN_CONSTANT_CONVERSION = YES;
				CLANG_WARN_DEPRECATED_OBJC_IMPLEMENTATIONS = YES;
				CLANG_WARN_DIRECT_OBJC_ISA_USAGE = YES_ERROR;
				CLANG_WARN_DOCUMENTATION_COMMENTS = YES;
				CLANG_WARN_EMPTY_BODY = YES;
				CLANG_WARN_ENUM_CONVERSION = YES;
				CLANG_WARN_INFINITE_RECURSION = YES;
				CLANG_WARN_INT_CONVERSION = YES;
				CLANG_WARN_NON_LITERAL_NULL_CONVERSION = YES;
				CLANG_WARN_OBJC_IMPLICIT_RETAIN_SELF = YES;
				CLANG_WARN_OBJC_LITERAL_CONVERSION = YES;
				CLANG_WARN_OBJC_ROOT_CLASS = YES_ERROR;
				CLANG_WARN_QUOTED_INCLUDE_IN_FRAMEWORK_HEADER = YES;
				CLANG_WARN_RANGE_LOOP_ANALYSIS = YES;
				CLANG_WARN_STRICT_PROTOTYPES = YES;
				CLANG_WARN_SUSPICIOUS_MOVE = YES;
				CLANG_WARN_UNGUARDED_AVAILABILITY = YES_AGGRESSIVE;
				CLANG_WARN_UNREACHABLE_CODE = YES;
				CLANG_WARN__DUPLICATE_METHOD_MATCH = YES;
				COPY_PHASE_STRIP = NO;
				DEBUG_INFORMATION_FORMAT = "dwarf-with-dsym";
				ENABLE_NS_ASSERTIONS = NO;
				ENABLE_STRICT_OBJC_MSGSEND = YES;
				ENABLE_USER_SCRIPT_SANDBOXING = YES;
				GCC_C_LANGUAGE_STANDARD = gnu17;
				GCC_NO_COMMON_BLOCKS = YES;
				GCC_OPTIMIZATION_LEVEL = fast;
				GCC_WARN_64_TO_32_BIT_CONVERSION = YES;
				GCC_WARN_ABOUT_RETURN_TYPE = YES_ERROR;
				GCC_WARN_UNDECLARED_SELECTOR = YES;
				GCC_WARN_UNINITIALIZED_AUTOS = YES_AGGRESSIVE;
				GCC_WARN_UNUSED_FUNCTION = YES;
				GCC_WARN_UNUSED_VARIABLE = YES;
				IPHONEOS_DEPLOYMENT_TARGET = 14.0;
				LOCALIZATION_PREFERS_STRING_CATALOGS = YES;
				MTL_ENABLE_DEBUG_INFO = NO;
				MTL_FAST_MATH = YES;
				SDKROOT = iphoneos;
				SWIFT_COMPILATION_MODE = wholemodule;
				VALIDATE_PRODUCT = YES;
			};
			name = Release;
		};
		F91D75CB2BB5AAB40013C20A /* Debug */ = {
			isa = XCBuildConfiguration;
			buildSettings = {
				ASSETCATALOG_COMPILER_APPICON_NAME = AppIcon;
				ASSETCATALOG_COMPILER_GLOBAL_ACCENT_COLOR_NAME = AccentColor;
				CODE_SIGN_ENTITLEMENTS = App503/App503.entitlements;
				CODE_SIGN_STYLE = Automatic;
				CURRENT_PROJECT_VERSION = 2;
				DEVELOPMENT_ASSET_PATHS = "\"App503/Preview Content\"";
				ENABLE_PREVIEWS = YES;
				GENERATE_INFOPLIST_FILE = YES;
				INFOPLIST_FILE = App503/Info.plist;
				INFOPLIST_KEY_CFBundleDisplayName = "Pocket Trader";
				INFOPLIST_KEY_UIApplicationSceneManifest_Generation = YES;
				INFOPLIST_KEY_UIApplicationSupportsIndirectInputEvents = YES;
				INFOPLIST_KEY_UILaunchScreen_Generation = YES;
				INFOPLIST_KEY_UILaunchStoryboardName = "Launch Screen.storyboard";
				INFOPLIST_KEY_UISupportedInterfaceOrientations = UIInterfaceOrientationPortrait;
				INFOPLIST_KEY_UISupportedInterfaceOrientations_iPad = "UIInterfaceOrientationLandscapeLeft UIInterfaceOrientationLandscapeRight UIInterfaceOrientationPortrait UIInterfaceOrientationPortraitUpsideDown";
				LD_RUNPATH_SEARCH_PATHS = (
					"$(inherited)",
					"@executable_path/Frameworks",
				);
				MARKETING_VERSION = 1.1;
				PRODUCT_BUNDLE_IDENTIFIER = main.App503;
				PRODUCT_NAME = "$(TARGET_NAME)";
				SUPPORTED_PLATFORMS = "iphoneos iphonesimulator";
				SUPPORTS_MACCATALYST = NO;
				SUPPORTS_MAC_DESIGNED_FOR_IPHONE_IPAD = NO;
				SUPPORTS_XR_DESIGNED_FOR_IPHONE_IPAD = NO;
				SWIFT_EMIT_LOC_STRINGS = YES;
				SWIFT_VERSION = 5.0;
				TARGETED_DEVICE_FAMILY = 1;
			};
			name = Debug;
		};
		F91D75CC2BB5AAB40013C20A /* Release */ = {
			isa = XCBuildConfiguration;
			buildSettings = {
				ASSETCATALOG_COMPILER_APPICON_NAME = AppIcon;
				ASSETCATALOG_COMPILER_GLOBAL_ACCENT_COLOR_NAME = AccentColor;
				CODE_SIGN_ENTITLEMENTS = App503/App503.entitlements;
				CODE_SIGN_STYLE = Automatic;
				CURRENT_PROJECT_VERSION = 2;
				DEVELOPMENT_ASSET_PATHS = "\"App503/Preview Content\"";
				ENABLE_PREVIEWS = YES;
				GENERATE_INFOPLIST_FILE = YES;
				INFOPLIST_FILE = App503/Info.plist;
				INFOPLIST_KEY_CFBundleDisplayName = "Pocket Trader";
				INFOPLIST_KEY_UIApplicationSceneManifest_Generation = YES;
				INFOPLIST_KEY_UIApplicationSupportsIndirectInputEvents = YES;
				INFOPLIST_KEY_UILaunchScreen_Generation = YES;
				INFOPLIST_KEY_UILaunchStoryboardName = "Launch Screen.storyboard";
				INFOPLIST_KEY_UISupportedInterfaceOrientations = UIInterfaceOrientationPortrait;
				INFOPLIST_KEY_UISupportedInterfaceOrientations_iPad = "UIInterfaceOrientationLandscapeLeft UIInterfaceOrientationLandscapeRight UIInterfaceOrientationPortrait UIInterfaceOrientationPortraitUpsideDown";
				LD_RUNPATH_SEARCH_PATHS = (
					"$(inherited)",
					"@executable_path/Frameworks",
				);
				MARKETING_VERSION = 1.1;
				PRODUCT_BUNDLE_IDENTIFIER = main.App503;
				PRODUCT_NAME = "$(TARGET_NAME)";
				SUPPORTED_PLATFORMS = "iphoneos iphonesimulator";
				SUPPORTS_MACCATALYST = NO;
				SUPPORTS_MAC_DESIGNED_FOR_IPHONE_IPAD = NO;
				SUPPORTS_XR_DESIGNED_FOR_IPHONE_IPAD = NO;
				SWIFT_EMIT_LOC_STRINGS = YES;
				SWIFT_VERSION = 5.0;
				TARGETED_DEVICE_FAMILY = 1;
			};
			name = Release;
		};
/* End XCBuildConfiguration section */

/* Begin XCConfigurationList section */
		F91D75B72BB5AAB30013C20A /* Build configuration list for PBXProject "App503" */ = {
			isa = XCConfigurationList;
			buildConfigurations = (
				F91D75C82BB5AAB40013C20A /* Debug */,
				F91D75C92BB5AAB40013C20A /* Release */,
			);
			defaultConfigurationIsVisible = 0;
			defaultConfigurationName = Release;
		};
		F91D75CA2BB5AAB40013C20A /* Build configuration list for PBXNativeTarget "App503" */ = {
			isa = XCConfigurationList;
			buildConfigurations = (
				F91D75CB2BB5AAB40013C20A /* Debug */,
				F91D75CC2BB5AAB40013C20A /* Release */,
			);
			defaultConfigurationIsVisible = 0;
			defaultConfigurationName = Release;
		};
/* End XCConfigurationList section */

/* Begin XCRemoteSwiftPackageReference section */
		F9F861222BB81D0900CE74F5 /* XCRemoteSwiftPackageReference "ApphudSDK" */ = {
			isa = XCRemoteSwiftPackageReference;
			repositoryURL = "https://github.com/apphud/ApphudSDK";
			requirement = {
				kind = upToNextMajorVersion;
				minimumVersion = 3.2.8;
			};
		};
		F9F861252BB81D0E00CE74F5 /* XCRemoteSwiftPackageReference "metrica-sdk-ios" */ = {
			isa = XCRemoteSwiftPackageReference;
			repositoryURL = "https://github.com/yandexmobile/metrica-sdk-ios";
			requirement = {
				kind = upToNextMajorVersion;
				minimumVersion = 4.5.2;
			};
		};
		F9F8612A2BB81D1700CE74F5 /* XCRemoteSwiftPackageReference "OneSignal-iOS-SDK" */ = {
			isa = XCRemoteSwiftPackageReference;
			repositoryURL = "https://github.com/OneSignal/OneSignal-iOS-SDK.git";
			requirement = {
				kind = upToNextMajorVersion;
				minimumVersion = 5.1.3;
			};
		};
/* End XCRemoteSwiftPackageReference section */

/* Begin XCSwiftPackageProductDependency section */
		F9F861232BB81D0900CE74F5 /* ApphudSDK */ = {
			isa = XCSwiftPackageProductDependency;
			package = F9F861222BB81D0900CE74F5 /* XCRemoteSwiftPackageReference "ApphudSDK" */;
			productName = ApphudSDK;
		};
		F9F861262BB81D0E00CE74F5 /* YandexMobileMetrica */ = {
			isa = XCSwiftPackageProductDependency;
			package = F9F861252BB81D0E00CE74F5 /* XCRemoteSwiftPackageReference "metrica-sdk-ios" */;
			productName = YandexMobileMetrica;
		};
		F9F8612B2BB81D1700CE74F5 /* OneSignalFramework */ = {
			isa = XCSwiftPackageProductDependency;
			package = F9F8612A2BB81D1700CE74F5 /* XCRemoteSwiftPackageReference "OneSignal-iOS-SDK" */;
			productName = OneSignalFramework;
		};
/* End XCSwiftPackageProductDependency section */
	};
	rootObject = F91D75B42BB5AAB30013C20A /* Project object */;
}
